def exibir_menu():
    print('''
______________________________
|                            |
|       Stock control:       |
|                            |
|                            |
|        1.Register          |
|        2.Show              |
|        3.Search            |
|        4.Remove            |
|        5.Save in a         |
|           file             |
|                            |
|____________________________|'''
        )

def cadastrar(products): #- leio todos as variaveis
    print('Please answer the questions below about the product: ')
    identificador = int(input('Product ID:'))
    name = input('Name of the product:')
    price = input('Price of the product: R$')
    products.append((identificador,name,price))

def listar(products): #-mostro na tela o ID escolhido pelo usuario
    for product in products:
        identificador, name, price = product
        print(f'Product: {name}, Price:R${price}, id: {identificador}')

def buscar(products): #- busco pelo ID o produto a mostrar na tela
    id_search = int(input('To search type the product ID: '))
    for product in products:
        identificador, name, price = product
        if id_search == identificador:
            print(f'Product: {name}, Price:R${price}, id: {identificador}')
            break
    else:
        print(f'Product ID {id_search} not found')   

def delete(products):#- deleto o produto desejado pelo usuario
   print('To delete type the product ID: ')
   id_delete = int(input())
   for i in range(len(products)):
        if id_delete == products[i][0]:
            del(products[i])
            break
   
def arquivo(products): #- salvo em um arquivo os produtos para controle de estoque manual
    with open('C:/Users/letic/OneDrive/Documentos/teste.txt', 'w') as file_handler:
            file_handler.write("\n".join(str(product) for product in products))
            
    
def main():
    products = []
    i=0
    while True:
        exibir_menu()
        opcao = int(input('Hello user! Choose the operation: '))
        if opcao == 1:
            cadastrar(products)
        elif opcao == 2:
            listar(products)
        elif opcao == 3:
            buscar(products)
        elif opcao == 4:
            delete(products)
        elif opcao == 5:
            print('It is written =)')
            arquivo(products)
        else:
            print('Try again')
main()
